// !$*UTF8*$!
{
	archiveVersion = 1;
	classes = {
	};
	objectVersion = 50;
	objects = {

/* Begin PBXBuildFile section */
		8DBD508521B0F88200320115 /* AppDelegate.swift in Sources */ = {isa = PBXBuildFile; fileRef = 8DBD508421B0F88200320115 /* AppDelegate.swift */; };
		8DBD508A21B0F88200320115 /* Main.storyboard in Resources */ = {isa = PBXBuildFile; fileRef = 8DBD508821B0F88200320115 /* Main.storyboard */; };
		8DBD508C21B0F88500320115 /* Assets.xcassets in Resources */ = {isa = PBXBuildFile; fileRef = 8DBD508B21B0F88500320115 /* Assets.xcassets */; };
		8DBD508F21B0F88500320115 /* LaunchScreen.storyboard in Resources */ = {isa = PBXBuildFile; fileRef = 8DBD508D21B0F88500320115 /* LaunchScreen.storyboard */; };
		8DBD509721B0F89500320115 /* Config.swift in Sources */ = {isa = PBXBuildFile; fileRef = 8DBD509621B0F89500320115 /* Config.swift */; };
		8DBD509921B0F94D00320115 /* String.swift in Sources */ = {isa = PBXBuildFile; fileRef = 8DBD509821B0F94D00320115 /* String.swift */; };
		8DBD509C21B0F9F600320115 /* Podfile in Resources */ = {isa = PBXBuildFile; fileRef = 8DBD509B21B0F9F600320115 /* Podfile */; };
		8DBD509E21B0FAD300320115 /* NewsTableViewController.swift in Sources */ = {isa = PBXBuildFile; fileRef = 8DBD509D21B0FAD300320115 /* NewsTableViewController.swift */; };
		8DBD50A021B1087100320115 /* ThemeManager.swift in Sources */ = {isa = PBXBuildFile; fileRef = 8DBD509F21B1087100320115 /* ThemeManager.swift */; };
		8DBD50A221B108C700320115 /* UIColor.swift in Sources */ = {isa = PBXBuildFile; fileRef = 8DBD50A121B108C700320115 /* UIColor.swift */; };
		8DBD50A521B10B2200320115 /* EndpointManager.swift in Sources */ = {isa = PBXBuildFile; fileRef = 8DBD50A421B10B2200320115 /* EndpointManager.swift */; };
		8DBD50A821B1101800320115 /* Article.swift in Sources */ = {isa = PBXBuildFile; fileRef = 8DBD50A721B1101800320115 /* Article.swift */; };
		8DBD50AA21B110B500320115 /* APIManager.swift in Sources */ = {isa = PBXBuildFile; fileRef = 8DBD50A921B110B500320115 /* APIManager.swift */; };
		8DBD50AD21B1251800320115 /* Global.swift in Sources */ = {isa = PBXBuildFile; fileRef = 8DBD50AC21B1251800320115 /* Global.swift */; };
		8DBD50AF21B1290B00320115 /* ImageView.swift in Sources */ = {isa = PBXBuildFile; fileRef = 8DBD50AE21B1290B00320115 /* ImageView.swift */; };
		8DBD50B121B131D700320115 /* Date.swift in Sources */ = {isa = PBXBuildFile; fileRef = 8DBD50B021B131D700320115 /* Date.swift */; };
		8DBD50B321B1324800320115 /* Formatter.swift in Sources */ = {isa = PBXBuildFile; fileRef = 8DBD50B221B1324800320115 /* Formatter.swift */; };
		D6436E9E0CEBD56FF7D91B68 /* Pods_NewsAppDemo.framework in Frameworks */ = {isa = PBXBuildFile; fileRef = D11EE362C2EDF3CB9EF65396 /* Pods_NewsAppDemo.framework */; };
/* End PBXBuildFile section */

/* Begin PBXFileReference section */
		8DBD508121B0F88200320115 /* NewsAppDemo.app */ = {isa = PBXFileReference; explicitFileType = wrapper.application; includeInIndex = 0; path = NewsAppDemo.app; sourceTree = BUILT_PRODUCTS_DIR; };
		8DBD508421B0F88200320115 /* AppDelegate.swift */ = {isa = PBXFileReference; lastKnownFileType = sourcecode.swift; path = AppDelegate.swift; sourceTree = "<group>"; };
		8DBD508921B0F88200320115 /* Base */ = {isa = PBXFileReference; lastKnownFileType = file.storyboard; name = Base; path = Base.lproj/Main.storyboard; sourceTree = "<group>"; };
		8DBD508B21B0F88500320115 /* Assets.xcassets */ = {isa = PBXFileReference; lastKnownFileType = folder.assetcatalog; path = Assets.xcassets; sourceTree = "<group>"; };
		8DBD508E21B0F88500320115 /* Base */ = {isa = PBXFileReference; lastKnownFileType = file.storyboard; name = Base; path = Base.lproj/LaunchScreen.storyboard; sourceTree = "<group>"; };
		8DBD509021B0F88500320115 /* Info.plist */ = {isa = PBXFileReference; lastKnownFileType = text.plist.xml; path = Info.plist; sourceTree = "<group>"; };
		8DBD509621B0F89500320115 /* Config.swift */ = {isa = PBXFileReference; lastKnownFileType = sourcecode.swift; path = Config.swift; sourceTree = "<group>"; };
		8DBD509821B0F94D00320115 /* String.swift */ = {isa = PBXFileReference; lastKnownFileType = sourcecode.swift; path = String.swift; sourceTree = "<group>"; };
		8DBD509B21B0F9F600320115 /* Podfile */ = {isa = PBXFileReference; fileEncoding = 4; lastKnownFileType = text; path = Podfile; sourceTree = "<group>"; xcLanguageSpecificationIdentifier = xcode.lang.ruby; };
		8DBD509D21B0FAD300320115 /* NewsTableViewController.swift */ = {isa = PBXFileReference; lastKnownFileType = sourcecode.swift; path = NewsTableViewController.swift; sourceTree = "<group>"; };
		8DBD509F21B1087100320115 /* ThemeManager.swift */ = {isa = PBXFileReference; lastKnownFileType = sourcecode.swift; path = ThemeManager.swift; sourceTree = "<group>"; };
		8DBD50A121B108C700320115 /* UIColor.swift */ = {isa = PBXFileReference; lastKnownFileType = sourcecode.swift; path = UIColor.swift; sourceTree = "<group>"; };
		8DBD50A421B10B2200320115 /* EndpointManager.swift */ = {isa = PBXFileReference; lastKnownFileType = sourcecode.swift; path = EndpointManager.swift; sourceTree = "<group>"; };
		8DBD50A721B1101800320115 /* Article.swift */ = {isa = PBXFileReference; lastKnownFileType = sourcecode.swift; path = Article.swift; sourceTree = "<group>"; };
		8DBD50A921B110B500320115 /* APIManager.swift */ = {isa = PBXFileReference; lastKnownFileType = sourcecode.swift; path = APIManager.swift; sourceTree = "<group>"; };
		8DBD50AC21B1251800320115 /* Global.swift */ = {isa = PBXFileReference; lastKnownFileType = sourcecode.swift; path = Global.swift; sourceTree = "<group>"; };
		8DBD50AE21B1290B00320115 /* ImageView.swift */ = {isa = PBXFileReference; lastKnownFileType = sourcecode.swift; path = ImageView.swift; sourceTree = "<group>"; };
		8DBD50B021B131D700320115 /* Date.swift */ = {isa = PBXFileReference; lastKnownFileType = sourcecode.swift; path = Date.swift; sourceTree = "<group>"; };
		8DBD50B221B1324800320115 /* Formatter.swift */ = {isa = PBXFileReference; lastKnownFileType = sourcecode.swift; path = Formatter.swift; sourceTree = "<group>"; };
		ABEF37C476FE1E7C50D9CC3B /* Pods-NewsAppDemo.debug.xcconfig */ = {isa = PBXFileReference; includeInIndex = 1; lastKnownFileType = text.xcconfig; name = "Pods-NewsAppDemo.debug.xcconfig"; path = "Pods/Target Support Files/Pods-NewsAppDemo/Pods-NewsAppDemo.debug.xcconfig"; sourceTree = "<group>"; };
		D11EE362C2EDF3CB9EF65396 /* Pods_NewsAppDemo.framework */ = {isa = PBXFileReference; explicitFileType = wrapper.framework; includeInIndex = 0; path = Pods_NewsAppDemo.framework; sourceTree = BUILT_PRODUCTS_DIR; };
		F935478EB4C05DC4C153B58B /* Pods-NewsAppDemo.release.xcconfig */ = {isa = PBXFileReference; includeInIndex = 1; lastKnownFileType = text.xcconfig; name = "Pods-NewsAppDemo.release.xcconfig"; path = "Pods/Target Support Files/Pods-NewsAppDemo/Pods-NewsAppDemo.release.xcconfig"; sourceTree = "<group>"; };
/* End PBXFileReference section */

/* Begin PBXFrameworksBuildPhase section */
		8DBD507E21B0F88200320115 /* Frameworks */ = {
			isa = PBXFrameworksBuildPhase;
			buildActionMask = 2147483647;
			files = (
				D6436E9E0CEBD56FF7D91B68 /* Pods_NewsAppDemo.framework in Frameworks */,
			);
			runOnlyForDeploymentPostprocessing = 0;
		};
/* End PBXFrameworksBuildPhase section */

/* Begin PBXGroup section */
		7A75CA9A80C078521D39A1A1 /* Frameworks */ = {
			isa = PBXGroup;
			children = (
				D11EE362C2EDF3CB9EF65396 /* Pods_NewsAppDemo.framework */,
			);
			name = Frameworks;
			sourceTree = "<group>";
		};
		8DBD507821B0F88200320115 = {
			isa = PBXGroup;
			children = (
				8DBD509B21B0F9F600320115 /* Podfile */,
				8DBD508321B0F88200320115 /* NewsAppDemo */,
				8DBD508221B0F88200320115 /* Products */,
				D72466A5DD0A2778F9EA63CE /* Pods */,
				7A75CA9A80C078521D39A1A1 /* Frameworks */,
			);
			sourceTree = "<group>";
		};
		8DBD508221B0F88200320115 /* Products */ = {
			isa = PBXGroup;
			children = (
				8DBD508121B0F88200320115 /* NewsAppDemo.app */,
			);
			name = Products;
			sourceTree = "<group>";
		};
		8DBD508321B0F88200320115 /* NewsAppDemo */ = {
			isa = PBXGroup;
			children = (
				8DBD50AB21B1250C00320115 /* Helper */,
				8DBD50A621B1100000320115 /* Model */,
				8DBD50A321B10B0600320115 /* Manager */,
				8DBD509A21B0F95E00320115 /* Extensions */,
				8DBD508421B0F88200320115 /* AppDelegate.swift */,
				8DBD508821B0F88200320115 /* Main.storyboard */,
				8DBD508B21B0F88500320115 /* Assets.xcassets */,
				8DBD508D21B0F88500320115 /* LaunchScreen.storyboard */,
				8DBD509021B0F88500320115 /* Info.plist */,
				8DBD509D21B0FAD300320115 /* NewsTableViewController.swift */,
			);
			path = NewsAppDemo;
			sourceTree = "<group>";
		};
		8DBD509A21B0F95E00320115 /* Extensions */ = {
			isa = PBXGroup;
			children = (
				8DBD509821B0F94D00320115 /* String.swift */,
				8DBD50A121B108C700320115 /* UIColor.swift */,
				8DBD50AE21B1290B00320115 /* ImageView.swift */,
				8DBD50B021B131D700320115 /* Date.swift */,
				8DBD50B221B1324800320115 /* Formatter.swift */,
			);
			path = Extensions;
			sourceTree = "<group>";
		};
		8DBD50A321B10B0600320115 /* Manager */ = {
			isa = PBXGroup;
			children = (
				8DBD509F21B1087100320115 /* ThemeManager.swift */,
				8DBD50A421B10B2200320115 /* EndpointManager.swift */,
				8DBD50A921B110B500320115 /* APIManager.swift */,
			);
			path = Manager;
			sourceTree = "<group>";
		};
		8DBD50A621B1100000320115 /* Model */ = {
			isa = PBXGroup;
			children = (
				8DBD509621B0F89500320115 /* Config.swift */,
				8DBD50A721B1101800320115 /* Article.swift */,
			);
			path = Model;
			sourceTree = "<group>";
		};
		8DBD50AB21B1250C00320115 /* Helper */ = {
			isa = PBXGroup;
			children = (
				8DBD50AC21B1251800320115 /* Global.swift */,
			);
			path = Helper;
			sourceTree = "<group>";
		};
		D72466A5DD0A2778F9EA63CE /* Pods */ = {
			isa = PBXGroup;
			children = (
				ABEF37C476FE1E7C50D9CC3B /* Pods-NewsAppDemo.debug.xcconfig */,
				F935478EB4C05DC4C153B58B /* Pods-NewsAppDemo.release.xcconfig */,
			);
			name = Pods;
			sourceTree = "<group>";
		};
/* End PBXGroup section */

/* Begin PBXNativeTarget section */
		8DBD508021B0F88200320115 /* NewsAppDemo */ = {
			isa = PBXNativeTarget;
			buildConfigurationList = 8DBD509321B0F88500320115 /* Build configuration list for PBXNativeTarget "NewsAppDemo" */;
			buildPhases = (
				43458D2CA3A01423AB668DAD /* [CP] Check Pods Manifest.lock */,
				8DBD507D21B0F88200320115 /* Sources */,
				8DBD507E21B0F88200320115 /* Frameworks */,
				8DBD507F21B0F88200320115 /* Resources */,
				87AF19773E5840EB90049B88 /* [CP] Embed Pods Frameworks */,
			);
			buildRules = (
			);
			dependencies = (
			);
			name = NewsAppDemo;
			productName = NewsAppDemo;
			productReference = 8DBD508121B0F88200320115 /* NewsAppDemo.app */;
			productType = "com.apple.product-type.application";
		};
/* End PBXNativeTarget section */

/* Begin PBXProject section */
		8DBD507921B0F88200320115 /* Project object */ = {
			isa = PBXProject;
			attributes = {
				LastSwiftUpdateCheck = 1010;
				LastUpgradeCheck = 1010;
				ORGANIZATIONNAME = kelvinfok;
				TargetAttributes = {
					8DBD508021B0F88200320115 = {
						CreatedOnToolsVersion = 10.1;
					};
				};
			};
			buildConfigurationList = 8DBD507C21B0F88200320115 /* Build configuration list for PBXProject "NewsAppDemo" */;
			compatibilityVersion = "Xcode 9.3";
			developmentRegion = en;
			hasScannedForEncodings = 0;
			knownRegions = (
				en,
				Base,
			);
			mainGroup = 8DBD507821B0F88200320115;
			productRefGroup = 8DBD508221B0F88200320115 /* Products */;
			projectDirPath = "";
			projectRoot = "";
			targets = (
				8DBD508021B0F88200320115 /* NewsAppDemo */,
			);
		};
/* End PBXProject section */

/* Begin PBXResourcesBuildPhase section */
		8DBD507F21B0F88200320115 /* Resources */ = {
			isa = PBXResourcesBuildPhase;
			buildActionMask = 2147483647;
			files = (
				8DBD508F21B0F88500320115 /* LaunchScreen.storyboard in Resources */,
				8DBD508C21B0F88500320115 /* Assets.xcassets in Resources */,
				8DBD509C21B0F9F600320115 /* Podfile in Resources */,
				8DBD508A21B0F88200320115 /* Main.storyboard in Resources */,
			);
			runOnlyForDeploymentPostprocessing = 0;
		};
/* End PBXResourcesBuildPhase section */

/* Begin PBXShellScriptBuildPhase section */
		43458D2CA3A01423AB668DAD /* [CP] Check Pods Manifest.lock */ = {
			isa = PBXShellScriptBuildPhase;
			buildActionMask = 2147483647;
			files = (
			);
			inputPaths = (
				"${PODS_PODFILE_DIR_PATH}/Podfile.lock",
				"${PODS_ROOT}/Manifest.lock",
			);
			name = "[CP] Check Pods Manifest.lock";
			outputPaths = (
				"$(DERIVED_FILE_DIR)/Pods-NewsAppDemo-checkManifestLockResult.txt",
			);
			runOnlyForDeploymentPostprocessing = 0;
			shellPath = /bin/sh;
			shellScript = "diff \"${PODS_PODFILE_DIR_PATH}/Podfile.lock\" \"${PODS_ROOT}/Manifest.lock\" > /dev/null\nif [ $? != 0 ] ; then\n    # print error to STDERR\n    echo \"error: The sandbox is not in sync with the Podfile.lock. Run 'pod install' or update your CocoaPods installation.\" >&2\n    exit 1\nfi\n# This output is used by Xcode 'outputs' to avoid re-running this script phase.\necho \"SUCCESS\" > \"${SCRIPT_OUTPUT_FILE_0}\"\n";
			showEnvVarsInLog = 0;
		};
		87AF19773E5840EB90049B88 /* [CP] Embed Pods Frameworks */ = {
			isa = PBXShellScriptBuildPhase;
			buildActionMask = 2147483647;
			files = (
			);
			inputPaths = (
				"${SRCROOT}/Pods/Target Support Files/Pods-NewsAppDemo/Pods-NewsAppDemo-frameworks.sh",
				"${BUILT_PRODUCTS_DIR}/Alamofire/Alamofire.framework",
				"${BUILT_PRODUCTS_DIR}/SDWebImage/SDWebImage.framework",
				"${BUILT_PRODUCTS_DIR}/SnapKit/SnapKit.framework",
			);
			name = "[CP] Embed Pods Frameworks";
			outputPaths = (
				"${TARGET_BUILD_DIR}/${FRAMEWORKS_FOLDER_PATH}/Alamofire.framework",
				"${TARGET_BUILD_DIR}/${FRAMEWORKS_FOLDER_PATH}/SDWebImage.framework",
				"${TARGET_BUILD_DIR}/${FRAMEWORKS_FOLDER_PATH}/SnapKit.framework",
			);
			runOnlyForDeploymentPostprocessing = 0;
			shellPath = /bin/sh;
			shellScript = "\"${SRCROOT}/Pods/Target Support Files/Pods-NewsAppDemo/Pods-NewsAppDemo-frameworks.sh\"\n";
			showEnvVarsInLog = 0;
		};
/* End PBXShellScriptBuildPhase section */

/* Begin PBXSourcesBuildPhase section */
		8DBD507D21B0F88200320115 /* Sources */ = {
			isa = PBXSourcesBuildPhase;
			buildActionMask = 2147483647;
			files = (
				8DBD50A221B108C700320115 /* UIColor.swift in Sources */,
				8DBD50B321B1324800320115 /* Formatter.swift in Sources */,
				8DBD50AA21B110B500320115 /* APIManager.swift in Sources */,
				8DBD50A821B1101800320115 /* Article.swift in Sources */,
				8DBD508521B0F88200320115 /* AppDelegate.swift in Sources */,
				8DBD50AF21B1290B00320115 /* ImageView.swift in Sources */,
				8DBD509921B0F94D00320115 /* String.swift in Sources */,
				8DBD50AD21B1251800320115 /* Global.swift in Sources */,
				8DBD50B121B131D700320115 /* Date.swift in Sources */,
				8DBD50A521B10B2200320115 /* EndpointManager.swift in Sources */,
				8DBD509E21B0FAD300320115 /* NewsTableViewController.swift in Sources */,
				8DBD509721B0F89500320115 /* Config.swift in Sources */,
				8DBD50A021B1087100320115 /* ThemeManager.swift in Sources */,
			);
			runOnlyForDeploymentPostprocessing = 0;
		};
/* End PBXSourcesBuildPhase section */

/* Begin PBXVariantGroup section */
		8DBD508821B0F88200320115 /* Main.storyboard */ = {
			isa = PBXVariantGroup;
			children = (
				8DBD508921B0F88200320115 /* Base */,
			);
			name = Main.storyboard;
			sourceTree = "<group>";
		};
		8DBD508D21B0F88500320115 /* LaunchScreen.storyboard */ = {
			isa = PBXVariantGroup;
			children = (
				8DBD508E21B0F88500320115 /* Base */,
			);
			name = LaunchScreen.storyboard;
			sourceTree = "<group>";
		};
/* End PBXVariantGroup section */

/* Begin XCBuildConfiguration section */
		8DBD509121B0F88500320115 /* Debug */ = {
			isa = XCBuildConfiguration;
			buildSettings = {
				ALWAYS_SEARCH_USER_PATHS = NO;
				CLANG_ANALYZER_NONNULL = YES;
				CLANG_ANALYZER_NUMBER_OBJECT_CONVERSION = YES_AGGRESSIVE;
				CLANG_CXX_LANGUAGE_STANDARD = "gnu++14";
				CLANG_CXX_LIBRARY = "libc++";
				CLANG_ENABLE_MODULES = YES;
				CLANG_ENABLE_OBJC_ARC = YES;
				CLANG_ENABLE_OBJC_WEAK = YES;
				CLANG_WARN_BLOCK_CAPTURE_AUTORELEASING = YES;
				CLANG_WARN_BOOL_CONVERSION = YES;
				CLANG_WARN_COMMA = YES;
				CLANG_WARN_CONSTANT_CONVERSION = YES;
				CLANG_WARN_DEPRECATED_OBJC_IMPLEMENTATIONS = YES;
				CLANG_WARN_DIRECT_OBJC_ISA_USAGE = YES_ERROR;
				CLANG_WARN_DOCUMENTATION_COMMENTS = YES;
				CLANG_WARN_EMPTY_BODY = YES;
				CLANG_WARN_ENUM_CONVERSION = YES;
				CLANG_WARN_INFINITE_RECURSION = YES;
				CLANG_WARN_INT_CONVERSION = YES;
				CLANG_WARN_NON_LITERAL_NULL_CONVERSION = YES;
				CLANG_WARN_OBJC_IMPLICIT_RETAIN_SELF = YES;
				CLANG_WARN_OBJC_LITERAL_CONVERSION = YES;
				CLANG_WARN_OBJC_ROOT_CLASS = YES_ERROR;
				CLANG_WARN_RANGE_LOOP_ANALYSIS = YES;
				CLANG_WARN_STRICT_PROTOTYPES = YES;
				CLANG_WARN_SUSPICIOUS_MOVE = YES;
				CLANG_WARN_UNGUARDED_AVAILABILITY = YES_AGGRESSIVE;
				CLANG_WARN_UNREACHABLE_CODE = YES;
				CLANG_WARN__DUPLICATE_METHOD_MATCH = YES;
				CODE_SIGN_IDENTITY = "iPhone Developer";
				COPY_PHASE_STRIP = NO;
				DEBUG_INFORMATION_FORMAT = dwarf;
				ENABLE_STRICT_OBJC_MSGSEND = YES;
				ENABLE_TESTABILITY = YES;
				GCC_C_LANGUAGE_STANDARD = gnu11;
				GCC_DYNAMIC_NO_PIC = NO;
				GCC_NO_COMMON_BLOCKS = YES;
				GCC_OPTIMIZATION_LEVEL = 0;
				GCC_PREPROCESSOR_DEFINITIONS = (
					"DEBUG=1",
					"$(inherited)",
				);
				GCC_WARN_64_TO_32_BIT_CONVERSION = YES;
				GCC_WARN_ABOUT_RETURN_TYPE = YES_ERROR;
				GCC_WARN_UNDECLARED_SELECTOR = YES;
				GCC_WARN_UNINITIALIZED_AUTOS = YES_AGGRESSIVE;
				GCC_WARN_UNUSED_FUNCTION = YES;
				GCC_WARN_UNUSED_VARIABLE = YES;
				IPHONEOS_DEPLOYMENT_TARGET = 12.1;
				MTL_ENABLE_DEBUG_INFO = INCLUDE_SOURCE;
				MTL_FAST_MATH = YES;
				ONLY_ACTIVE_ARCH = YES;
				SDKROOT = iphoneos;
				SWIFT_ACTIVE_COMPILATION_CONDITIONS = DEBUG;
				SWIFT_OPTIMIZATION_LEVEL = "-Onone";
			};
			name = Debug;
		};
		8DBD509221B0F88500320115 /* Release */ = {
			isa = XCBuildConfiguration;
			buildSettings = {
				ALWAYS_SEARCH_USER_PATHS = NO;
				CLANG_ANALYZER_NONNULL = YES;
				CLANG_ANALYZER_NUMBER_OBJECT_CONVERSION = YES_AGGRESSIVE;
				CLANG_CXX_LANGUAGE_STANDARD = "gnu++14";
				CLANG_CXX_LIBRARY = "libc++";
				CLANG_ENABLE_MODULES = YES;
				CLANG_ENABLE_OBJC_ARC = YES;
				CLANG_ENABLE_OBJC_WEAK = YES;
				CLANG_WARN_BLOCK_CAPTURE_AUTORELEASING = YES;
				CLANG_WARN_BOOL_CONVERSION = YES;
				CLANG_WARN_COMMA = YES;
				CLANG_WARN_CONSTANT_CONVERSION = YES;
				CLANG_WARN_DEPRECATED_OBJC_IMPLEMENTATIONS = YES;
				CLANG_WARN_DIRECT_OBJC_ISA_USAGE = YES_ERROR;
				CLANG_WARN_DOCUMENTATION_COMMENTS = YES;
				CLANG_WARN_EMPTY_BODY = YES;
				CLANG_WARN_ENUM_CONVERSION = YES;
				CLANG_WARN_INFINITE_RECURSION = YES;
				CLANG_WARN_INT_CONVERSION = YES;
				CLANG_WARN_NON_LITERAL_NULL_CONVERSION = YES;
				CLANG_WARN_OBJC_IMPLICIT_RETAIN_SELF = YES;
				CLANG_WARN_OBJC_LITERAL_CONVERSION = YES;
				CLANG_WARN_OBJC_ROOT_CLASS = YES_ERROR;
				CLANG_WARN_RANGE_LOOP_ANALYSIS = YES;
				CLANG_WARN_STRICT_PROTOTYPES = YES;
				CLANG_WARN_SUSPICIOUS_MOVE = YES;
				CLANG_WARN_UNGUARDED_AVAILABILITY = YES_AGGRESSIVE;
				CLANG_WARN_UNREACHABLE_CODE = YES;
				CLANG_WARN__DUPLICATE_METHOD_MATCH = YES;
				CODE_SIGN_IDENTITY = "iPhone Developer";
				COPY_PHASE_STRIP = NO;
				DEBUG_INFORMATION_FORMAT = "dwarf-with-dsym";
				ENABLE_NS_ASSERTIONS = NO;
				ENABLE_STRICT_OBJC_MSGSEND = YES;
				GCC_C_LANGUAGE_STANDARD = gnu11;
				GCC_NO_COMMON_BLOCKS = YES;
				GCC_WARN_64_TO_32_BIT_CONVERSION = YES;
				GCC_WARN_ABOUT_RETURN_TYPE = YES_ERROR;
				GCC_WARN_UNDECLARED_SELECTOR = YES;
				GCC_WARN_UNINITIALIZED_AUTOS = YES_AGGRESSIVE;
				GCC_WARN_UNUSED_FUNCTION = YES;
				GCC_WARN_UNUSED_VARIABLE = YES;
				IPHONEOS_DEPLOYMENT_TARGET = 12.1;
				MTL_ENABLE_DEBUG_INFO = NO;
				MTL_FAST_MATH = YES;
				SDKROOT = iphoneos;
				SWIFT_COMPILATION_MODE = wholemodule;
				SWIFT_OPTIMIZATION_LEVEL = "-O";
				VALIDATE_PRODUCT = YES;
			};
			name = Release;
		};
		8DBD509421B0F88500320115 /* Debug */ = {
			isa = XCBuildConfiguration;
			baseConfigurationReference = ABEF37C476FE1E7C50D9CC3B /* Pods-NewsAppDemo.debug.xcconfig */;
			buildSettings = {
				ASSETCATALOG_COMPILER_APPICON_NAME = AppIcon;
				CODE_SIGN_STYLE = Automatic;
				DEVELOPMENT_TEAM = P874Z4M836;
				INFOPLIST_FILE = NewsAppDemo/Info.plist;
				LD_RUNPATH_SEARCH_PATHS = (
					"$(inherited)",
					"@executable_path/Frameworks",
				);
				PRODUCT_BUNDLE_IDENTIFIER = com.kelvinfok.NewsAppDemo;
				PRODUCT_NAME = "$(TARGET_NAME)";
				SWIFT_VERSION = 4.2;
				TARGETED_DEVICE_FAMILY = "1,2";
			};
			name = Debug;
		};
		8DBD509521B0F88500320115 /* Release */ = {
			isa = XCBuildConfiguration;
			baseConfigurationReference = F935478EB4C05DC4C153B58B /* Pods-NewsAppDemo.release.xcconfig */;
			buildSettings = {
				ASSETCATALOG_COMPILER_APPICON_NAME = AppIcon;
				CODE_SIGN_STYLE = Automatic;
				DEVELOPMENT_TEAM = P874Z4M836;
				INFOPLIST_FILE = NewsAppDemo/Info.plist;
				LD_RUNPATH_SEARCH_PATHS = (
					"$(inherited)",
					"@executable_path/Frameworks",
				);
				PRODUCT_BUNDLE_IDENTIFIER = com.kelvinfok.NewsAppDemo;
				PRODUCT_NAME = "$(TARGET_NAME)";
				SWIFT_VERSION = 4.2;
				TARGETED_DEVICE_FAMILY = "1,2";
			};
			name = Release;
		};
/* End XCBuildConfiguration section */

/* Begin XCConfigurationList section */
		8DBD507C21B0F88200320115 /* Build configuration list for PBXProject "NewsAppDemo" */ = {
			isa = XCConfigurationList;
			buildConfigurations = (
				8DBD509121B0F88500320115 /* Debug */,
				8DBD509221B0F88500320115 /* Release */,
			);
			defaultConfigurationIsVisible = 0;
			defaultConfigurationName = Release;
		};
		8DBD509321B0F88500320115 /* Build configuration list for PBXNativeTarget "NewsAppDemo" */ = {
			isa = XCConfigurationList;
			buildConfigurations = (
				8DBD509421B0F88500320115 /* Debug */,
				8DBD509521B0F88500320115 /* Release */,
			);
			defaultConfigurationIsVisible = 0;
			defaultConfigurationName = Release;
		};
/* End XCConfigurationList section */
	};
	rootObject = 8DBD507921B0F88200320115 /* Project object */;
}
